
Microsoft Visual Studio Solution File, Format Version 12.00
# Visual Studio 14
VisualStudioVersion = 14.0.25420.1
MinimumVisualStudioVersion = 10.0.40219.1
Project("{FAE04EC0-301F-11D3-BF4B-00C04F79EFBC}") = "ChoixResto", "ChoixResto\ChoixResto.csproj", "{4E1C050D-92DC-488D-BA9B-E8C1403A6AC0}"
EndProject
Project("{FAE04EC0-301F-11D3-BF4B-00C04F79EFBC}") = "ChoixResto.Tests", "ChoixResto.Tests\ChoixResto.Tests.csproj", "{483CC2E6-6AD5-4408-9294-DCD38A52F0A1}"
EndProject
Global
	GlobalSection(SolutionConfigurationPlatforms) = preSolution
		Debug|Any CPU = Debug|Any CPU
		Release|Any CPU = Release|Any CPU
	EndGlobalSection
	GlobalSection(ProjectConfigurationPlatforms) = postSolution
		{4E1C050D-92DC-488D-BA9B-E8C1403A6AC0}.Debug|Any CPU.ActiveCfg = Debug|Any CPU
		{4E1C050D-92DC-488D-BA9B-E8C1403A6AC0}.Debug|Any CPU.Build.0 = Debug|Any CPU
		{4E1C050D-92DC-488D-BA9B-E8C1403A6AC0}.Release|Any CPU.ActiveCfg = Release|Any CPU
		{4E1C050D-92DC-488D-BA9B-E8C1403A6AC0}.Release|Any CPU.Build.0 = Release|Any CPU
		{483CC2E6-6AD5-4408-9294-DCD38A52F0A1}.Debug|Any CPU.ActiveCfg = Debug|Any CPU
		{483CC2E6-6AD5-4408-9294-DCD38A52F0A1}.Debug|Any CPU.Build.0 = Debug|Any CPU
		{483CC2E6-6AD5-4408-9294-DCD38A52F0A1}.Release|Any CPU.ActiveCfg = Release|Any CPU
		{483CC2E6-6AD5-4408-9294-DCD38A52F0A1}.Release|Any CPU.Build.0 = Release|Any CPU
	EndGlobalSection
	GlobalSection(SolutionProperties) = preSolution
		HideSolutionNode = FALSE
	EndGlobalSection
EndGlobal
